
Microsoft Visual Studio Solution File, Format Version 12.00
# Visual Studio 15
VisualStudioVersion = 15.0.28307.1705
MinimumVisualStudioVersion = 10.0.40219.1
Project("{8BC9CEB8-8B4A-11D0-8D11-00A0C91BC942}") = "Web01", "Web01\Web01.vcxproj", "{A126D3A2-0EBC-40EB-A2CC-2304DB013DAA}"
EndProject
Project("{8BC9CEB8-8B4A-11D0-8D11-00A0C91BC942}") = "Web01_Client", "Web01_Client\Web01_Client.vcxproj", "{A3B20AC1-ECEC-4B47-97E0-622E3DB9E6B9}"
EndProject
Project("{8BC9CEB8-8B4A-11D0-8D11-00A0C91BC942}") = "Web02", "Web02\Web02.vcxproj", "{3946A150-9CF5-409C-8C63-B0FA9B6B14EB}"
EndProject
Project("{8BC9CEB8-8B4A-11D0-8D11-00A0C91BC942}") = "Web02_Client", "Web02_Client\Web02_Client.vcxproj", "{68CC77CC-41DD-4483-8ADE-EDF29D1CE30A}"
EndProject
Global
	GlobalSection(SolutionConfigurationPlatforms) = preSolution
		Debug|Win32 = Debug|Win32
		Debug|x64 = Debug|x64
		Debug|x86 = Debug|x86
		Debug-SSL|Win32 = Debug-SSL|Win32
		Debug-SSL|x64 = Debug-SSL|x64
		Debug-SSL|x86 = Debug-SSL|x86
		Release|Win32 = Release|Win32
		Release|x64 = Release|x64
		Release|x86 = Release|x86
		Release-SSL|Win32 = Release-SSL|Win32
		Release-SSL|x64 = Release-SSL|x64
		Release-SSL|x86 = Release-SSL|x86
		uDebug|Win32 = uDebug|Win32
		uDebug|x64 = uDebug|x64
		uDebug|x86 = uDebug|x86
		uDebug-SSL|Win32 = uDebug-SSL|Win32
		uDebug-SSL|x64 = uDebug-SSL|x64
		uDebug-SSL|x86 = uDebug-SSL|x86
		uRelease|Win32 = uRelease|Win32
		uRelease|x64 = uRelease|x64
		uRelease|x86 = uRelease|x86
		uRelease-SSL|Win32 = uRelease-SSL|Win32
		uRelease-SSL|x64 = uRelease-SSL|x64
		uRelease-SSL|x86 = uRelease-SSL|x86
	EndGlobalSection
	GlobalSection(ProjectConfigurationPlatforms) = postSolution
		{A126D3A2-0EBC-40EB-A2CC-2304DB013DAA}.Debug|Win32.ActiveCfg = Debug|Win32
		{A126D3A2-0EBC-40EB-A2CC-2304DB013DAA}.Debug|Win32.Build.0 = Debug|Win32
		{A126D3A2-0EBC-40EB-A2CC-2304DB013DAA}.Debug|x64.ActiveCfg = Debug|x64
		{A126D3A2-0EBC-40EB-A2CC-2304DB013DAA}.Debug|x64.Build.0 = Debug|x64
		{A126D3A2-0EBC-40EB-A2CC-2304DB013DAA}.Debug|x86.ActiveCfg = Debug|Win32
		{A126D3A2-0EBC-40EB-A2CC-2304DB013DAA}.Debug|x86.Build.0 = Debug|Win32
		{A126D3A2-0EBC-40EB-A2CC-2304DB013DAA}.Debug-SSL|Win32.ActiveCfg = Debug|Win32
		{A126D3A2-0EBC-40EB-A2CC-2304DB013DAA}.Debug-SSL|Win32.Build.0 = Debug|Win32
		{A126D3A2-0EBC-40EB-A2CC-2304DB013DAA}.Debug-SSL|x64.ActiveCfg = Debug|x64
		{A126D3A2-0EBC-40EB-A2CC-2304DB013DAA}.Debug-SSL|x64.Build.0 = Debug|x64
		{A126D3A2-0EBC-40EB-A2CC-2304DB013DAA}.Debug-SSL|x86.ActiveCfg = Debug|Win32
		{A126D3A2-0EBC-40EB-A2CC-2304DB013DAA}.Debug-SSL|x86.Build.0 = Debug|Win32
		{A126D3A2-0EBC-40EB-A2CC-2304DB013DAA}.Release|Win32.ActiveCfg = Release|Win32
		{A126D3A2-0EBC-40EB-A2CC-2304DB013DAA}.Release|Win32.Build.0 = Release|Win32
		{A126D3A2-0EBC-40EB-A2CC-2304DB013DAA}.Release|x64.ActiveCfg = Release|x64
		{A126D3A2-0EBC-40EB-A2CC-2304DB013DAA}.Release|x64.Build.0 = Release|x64
		{A126D3A2-0EBC-40EB-A2CC-2304DB013DAA}.Release|x86.ActiveCfg = Release|Win32
		{A126D3A2-0EBC-40EB-A2CC-2304DB013DAA}.Release|x86.Build.0 = Release|Win32
		{A126D3A2-0EBC-40EB-A2CC-2304DB013DAA}.Release-SSL|Win32.ActiveCfg = Release|Win32
		{A126D3A2-0EBC-40EB-A2CC-2304DB013DAA}.Release-SSL|Win32.Build.0 = Release|Win32
		{A126D3A2-0EBC-40EB-A2CC-2304DB013DAA}.Release-SSL|x64.ActiveCfg = Release|x64
		{A126D3A2-0EBC-40EB-A2CC-2304DB013DAA}.Release-SSL|x64.Build.0 = Release|x64
		{A126D3A2-0EBC-40EB-A2CC-2304DB013DAA}.Release-SSL|x86.ActiveCfg = Release|Win32
		{A126D3A2-0EBC-40EB-A2CC-2304DB013DAA}.Release-SSL|x86.Build.0 = Release|Win32
		{A126D3A2-0EBC-40EB-A2CC-2304DB013DAA}.uDebug|Win32.ActiveCfg = Debug|Win32
		{A126D3A2-0EBC-40EB-A2CC-2304DB013DAA}.uDebug|Win32.Build.0 = Debug|Win32
		{A126D3A2-0EBC-40EB-A2CC-2304DB013DAA}.uDebug|x64.ActiveCfg = Debug|x64
		{A126D3A2-0EBC-40EB-A2CC-2304DB013DAA}.uDebug|x64.Build.0 = Debug|x64
		{A126D3A2-0EBC-40EB-A2CC-2304DB013DAA}.uDebug|x86.ActiveCfg = Debug|Win32
		{A126D3A2-0EBC-40EB-A2CC-2304DB013DAA}.uDebug|x86.Build.0 = Debug|Win32
		{A126D3A2-0EBC-40EB-A2CC-2304DB013DAA}.uDebug-SSL|Win32.ActiveCfg = Debug|Win32
		{A126D3A2-0EBC-40EB-A2CC-2304DB013DAA}.uDebug-SSL|Win32.Build.0 = Debug|Win32
		{A126D3A2-0EBC-40EB-A2CC-2304DB013DAA}.uDebug-SSL|x64.ActiveCfg = Debug|x64
		{A126D3A2-0EBC-40EB-A2CC-2304DB013DAA}.uDebug-SSL|x64.Build.0 = Debug|x64
		{A126D3A2-0EBC-40EB-A2CC-2304DB013DAA}.uDebug-SSL|x86.ActiveCfg = Debug|Win32
		{A126D3A2-0EBC-40EB-A2CC-2304DB013DAA}.uDebug-SSL|x86.Build.0 = Debug|Win32
		{A126D3A2-0EBC-40EB-A2CC-2304DB013DAA}.uRelease|Win32.ActiveCfg = Release|Win32
		{A126D3A2-0EBC-40EB-A2CC-2304DB013DAA}.uRelease|Win32.Build.0 = Release|Win32
		{A126D3A2-0EBC-40EB-A2CC-2304DB013DAA}.uRelease|x64.ActiveCfg = Release|x64
		{A126D3A2-0EBC-40EB-A2CC-2304DB013DAA}.uRelease|x64.Build.0 = Release|x64
		{A126D3A2-0EBC-40EB-A2CC-2304DB013DAA}.uRelease|x86.ActiveCfg = Release|Win32
		{A126D3A2-0EBC-40EB-A2CC-2304DB013DAA}.uRelease|x86.Build.0 = Release|Win32
		{A126D3A2-0EBC-40EB-A2CC-2304DB013DAA}.uRelease-SSL|Win32.ActiveCfg = Release|Win32
		{A126D3A2-0EBC-40EB-A2CC-2304DB013DAA}.uRelease-SSL|Win32.Build.0 = Release|Win32
		{A126D3A2-0EBC-40EB-A2CC-2304DB013DAA}.uRelease-SSL|x64.ActiveCfg = Release|x64
		{A126D3A2-0EBC-40EB-A2CC-2304DB013DAA}.uRelease-SSL|x64.Build.0 = Release|x64
		{A126D3A2-0EBC-40EB-A2CC-2304DB013DAA}.uRelease-SSL|x86.ActiveCfg = Release|Win32
		{A126D3A2-0EBC-40EB-A2CC-2304DB013DAA}.uRelease-SSL|x86.Build.0 = Release|Win32
		{A3B20AC1-ECEC-4B47-97E0-622E3DB9E6B9}.Debug|Win32.ActiveCfg = Debug|Win32
		{A3B20AC1-ECEC-4B47-97E0-622E3DB9E6B9}.Debug|Win32.Build.0 = Debug|Win32
		{A3B20AC1-ECEC-4B47-97E0-622E3DB9E6B9}.Debug|x64.ActiveCfg = Debug|x64
		{A3B20AC1-ECEC-4B47-97E0-622E3DB9E6B9}.Debug|x64.Build.0 = Debug|x64
		{A3B20AC1-ECEC-4B47-97E0-622E3DB9E6B9}.Debug|x86.ActiveCfg = Debug|Win32
		{A3B20AC1-ECEC-4B47-97E0-622E3DB9E6B9}.Debug|x86.Build.0 = Debug|Win32
		{A3B20AC1-ECEC-4B47-97E0-622E3DB9E6B9}.Debug-SSL|Win32.ActiveCfg = Debug|Win32
		{A3B20AC1-ECEC-4B47-97E0-622E3DB9E6B9}.Debug-SSL|Win32.Build.0 = Debug|Win32
		{A3B20AC1-ECEC-4B47-97E0-622E3DB9E6B9}.Debug-SSL|x64.ActiveCfg = Debug|x64
		{A3B20AC1-ECEC-4B47-97E0-622E3DB9E6B9}.Debug-SSL|x64.Build.0 = Debug|x64
		{A3B20AC1-ECEC-4B47-97E0-622E3DB9E6B9}.Debug-SSL|x86.ActiveCfg = Debug|Win32
		{A3B20AC1-ECEC-4B47-97E0-622E3DB9E6B9}.Debug-SSL|x86.Build.0 = Debug|Win32
		{A3B20AC1-ECEC-4B47-97E0-622E3DB9E6B9}.Release|Win32.ActiveCfg = Release|Win32
		{A3B20AC1-ECEC-4B47-97E0-622E3DB9E6B9}.Release|Win32.Build.0 = Release|Win32
		{A3B20AC1-ECEC-4B47-97E0-622E3DB9E6B9}.Release|x64.ActiveCfg = Release|x64
		{A3B20AC1-ECEC-4B47-97E0-622E3DB9E6B9}.Release|x64.Build.0 = Release|x64
		{A3B20AC1-ECEC-4B47-97E0-622E3DB9E6B9}.Release|x86.ActiveCfg = Release|Win32
		{A3B20AC1-ECEC-4B47-97E0-622E3DB9E6B9}.Release|x86.Build.0 = Release|Win32
		{A3B20AC1-ECEC-4B47-97E0-622E3DB9E6B9}.Release-SSL|Win32.ActiveCfg = Release|Win32
		{A3B20AC1-ECEC-4B47-97E0-622E3DB9E6B9}.Release-SSL|Win32.Build.0 = Release|Win32
		{A3B20AC1-ECEC-4B47-97E0-622E3DB9E6B9}.Release-SSL|x64.ActiveCfg = Release|x64
		{A3B20AC1-ECEC-4B47-97E0-622E3DB9E6B9}.Release-SSL|x64.Build.0 = Release|x64
		{A3B20AC1-ECEC-4B47-97E0-622E3DB9E6B9}.Release-SSL|x86.ActiveCfg = Release|Win32
		{A3B20AC1-ECEC-4B47-97E0-622E3DB9E6B9}.Release-SSL|x86.Build.0 = Release|Win32
		{A3B20AC1-ECEC-4B47-97E0-622E3DB9E6B9}.uDebug|Win32.ActiveCfg = Debug|Win32
		{A3B20AC1-ECEC-4B47-97E0-622E3DB9E6B9}.uDebug|Win32.Build.0 = Debug|Win32
		{A3B20AC1-ECEC-4B47-97E0-622E3DB9E6B9}.uDebug|x64.ActiveCfg = Debug|x64
		{A3B20AC1-ECEC-4B47-97E0-622E3DB9E6B9}.uDebug|x64.Build.0 = Debug|x64
		{A3B20AC1-ECEC-4B47-97E0-622E3DB9E6B9}.uDebug|x86.ActiveCfg = Debug|Win32
		{A3B20AC1-ECEC-4B47-97E0-622E3DB9E6B9}.uDebug|x86.Build.0 = Debug|Win32
		{A3B20AC1-ECEC-4B47-97E0-622E3DB9E6B9}.uDebug-SSL|Win32.ActiveCfg = Debug|Win32
		{A3B20AC1-ECEC-4B47-97E0-622E3DB9E6B9}.uDebug-SSL|Win32.Build.0 = Debug|Win32
		{A3B20AC1-ECEC-4B47-97E0-622E3DB9E6B9}.uDebug-SSL|x64.ActiveCfg = Debug|x64
		{A3B20AC1-ECEC-4B47-97E0-622E3DB9E6B9}.uDebug-SSL|x64.Build.0 = Debug|x64
		{A3B20AC1-ECEC-4B47-97E0-622E3DB9E6B9}.uDebug-SSL|x86.ActiveCfg = Debug|Win32
		{A3B20AC1-ECEC-4B47-97E0-622E3DB9E6B9}.uDebug-SSL|x86.Build.0 = Debug|Win32
		{A3B20AC1-ECEC-4B47-97E0-622E3DB9E6B9}.uRelease|Win32.ActiveCfg = Release|Win32
		{A3B20AC1-ECEC-4B47-97E0-622E3DB9E6B9}.uRelease|Win32.Build.0 = Release|Win32
		{A3B20AC1-ECEC-4B47-97E0-622E3DB9E6B9}.uRelease|x64.ActiveCfg = Release|x64
		{A3B20AC1-ECEC-4B47-97E0-622E3DB9E6B9}.uRelease|x64.Build.0 = Release|x64
		{A3B20AC1-ECEC-4B47-97E0-622E3DB9E6B9}.uRelease|x86.ActiveCfg = Release|Win32
		{A3B20AC1-ECEC-4B47-97E0-622E3DB9E6B9}.uRelease|x86.Build.0 = Release|Win32
		{A3B20AC1-ECEC-4B47-97E0-622E3DB9E6B9}.uRelease-SSL|Win32.ActiveCfg = Release|Win32
		{A3B20AC1-ECEC-4B47-97E0-622E3DB9E6B9}.uRelease-SSL|Win32.Build.0 = Release|Win32
		{A3B20AC1-ECEC-4B47-97E0-622E3DB9E6B9}.uRelease-SSL|x64.ActiveCfg = Release|x64
		{A3B20AC1-ECEC-4B47-97E0-622E3DB9E6B9}.uRelease-SSL|x64.Build.0 = Release|x64
		{A3B20AC1-ECEC-4B47-97E0-622E3DB9E6B9}.uRelease-SSL|x86.ActiveCfg = Release|Win32
		{A3B20AC1-ECEC-4B47-97E0-622E3DB9E6B9}.uRelease-SSL|x86.Build.0 = Release|Win32
		{3946A150-9CF5-409C-8C63-B0FA9B6B14EB}.Debug|Win32.ActiveCfg = Debug|Win32
		{3946A150-9CF5-409C-8C63-B0FA9B6B14EB}.Debug|Win32.Build.0 = Debug|Win32
		{3946A150-9CF5-409C-8C63-B0FA9B6B14EB}.Debug|x64.ActiveCfg = Debug|x64
		{3946A150-9CF5-409C-8C63-B0FA9B6B14EB}.Debug|x64.Build.0 = Debug|x64
		{3946A150-9CF5-409C-8C63-B0FA9B6B14EB}.Debug|x86.ActiveCfg = Debug|Win32
		{3946A150-9CF5-409C-8C63-B0FA9B6B14EB}.Debug|x86.Build.0 = Debug|Win32
		{3946A150-9CF5-409C-8C63-B0FA9B6B14EB}.Debug-SSL|Win32.ActiveCfg = Debug|Win32
		{3946A150-9CF5-409C-8C63-B0FA9B6B14EB}.Debug-SSL|Win32.Build.0 = Debug|Win32
		{3946A150-9CF5-409C-8C63-B0FA9B6B14EB}.Debug-SSL|x64.ActiveCfg = Debug|x64
		{3946A150-9CF5-409C-8C63-B0FA9B6B14EB}.Debug-SSL|x64.Build.0 = Debug|x64
		{3946A150-9CF5-409C-8C63-B0FA9B6B14EB}.Debug-SSL|x86.ActiveCfg = Debug|Win32
		{3946A150-9CF5-409C-8C63-B0FA9B6B14EB}.Debug-SSL|x86.Build.0 = Debug|Win32
		{3946A150-9CF5-409C-8C63-B0FA9B6B14EB}.Release|Win32.ActiveCfg = Release|Win32
		{3946A150-9CF5-409C-8C63-B0FA9B6B14EB}.Release|Win32.Build.0 = Release|Win32
		{3946A150-9CF5-409C-8C63-B0FA9B6B14EB}.Release|x64.ActiveCfg = Release|x64
		{3946A150-9CF5-409C-8C63-B0FA9B6B14EB}.Release|x64.Build.0 = Release|x64
		{3946A150-9CF5-409C-8C63-B0FA9B6B14EB}.Release|x86.ActiveCfg = Release|Win32
		{3946A150-9CF5-409C-8C63-B0FA9B6B14EB}.Release|x86.Build.0 = Release|Win32
		{3946A150-9CF5-409C-8C63-B0FA9B6B14EB}.Release-SSL|Win32.ActiveCfg = Release|Win32
		{3946A150-9CF5-409C-8C63-B0FA9B6B14EB}.Release-SSL|Win32.Build.0 = Release|Win32
		{3946A150-9CF5-409C-8C63-B0FA9B6B14EB}.Release-SSL|x64.ActiveCfg = Release|x64
		{3946A150-9CF5-409C-8C63-B0FA9B6B14EB}.Release-SSL|x64.Build.0 = Release|x64
		{3946A150-9CF5-409C-8C63-B0FA9B6B14EB}.Release-SSL|x86.ActiveCfg = Release|Win32
		{3946A150-9CF5-409C-8C63-B0FA9B6B14EB}.Release-SSL|x86.Build.0 = Release|Win32
		{3946A150-9CF5-409C-8C63-B0FA9B6B14EB}.uDebug|Win32.ActiveCfg = Debug|Win32
		{3946A150-9CF5-409C-8C63-B0FA9B6B14EB}.uDebug|Win32.Build.0 = Debug|Win32
		{3946A150-9CF5-409C-8C63-B0FA9B6B14EB}.uDebug|x64.ActiveCfg = Debug|x64
		{3946A150-9CF5-409C-8C63-B0FA9B6B14EB}.uDebug|x64.Build.0 = Debug|x64
		{3946A150-9CF5-409C-8C63-B0FA9B6B14EB}.uDebug|x86.ActiveCfg = Debug|Win32
		{3946A150-9CF5-409C-8C63-B0FA9B6B14EB}.uDebug|x86.Build.0 = Debug|Win32
		{3946A150-9CF5-409C-8C63-B0FA9B6B14EB}.uDebug-SSL|Win32.ActiveCfg = Debug|Win32
		{3946A150-9CF5-409C-8C63-B0FA9B6B14EB}.uDebug-SSL|Win32.Build.0 = Debug|Win32
		{3946A150-9CF5-409C-8C63-B0FA9B6B14EB}.uDebug-SSL|x64.ActiveCfg = Debug|x64
		{3946A150-9CF5-409C-8C63-B0FA9B6B14EB}.uDebug-SSL|x64.Build.0 = Debug|x64
		{3946A150-9CF5-409C-8C63-B0FA9B6B14EB}.uDebug-SSL|x86.ActiveCfg = Debug|Win32
		{3946A150-9CF5-409C-8C63-B0FA9B6B14EB}.uDebug-SSL|x86.Build.0 = Debug|Win32
		{3946A150-9CF5-409C-8C63-B0FA9B6B14EB}.uRelease|Win32.ActiveCfg = Release|Win32
		{3946A150-9CF5-409C-8C63-B0FA9B6B14EB}.uRelease|Win32.Build.0 = Release|Win32
		{3946A150-9CF5-409C-8C63-B0FA9B6B14EB}.uRelease|x64.ActiveCfg = Release|x64
		{3946A150-9CF5-409C-8C63-B0FA9B6B14EB}.uRelease|x64.Build.0 = Release|x64
		{3946A150-9CF5-409C-8C63-B0FA9B6B14EB}.uRelease|x86.ActiveCfg = Release|Win32
		{3946A150-9CF5-409C-8C63-B0FA9B6B14EB}.uRelease|x86.Build.0 = Release|Win32
		{3946A150-9CF5-409C-8C63-B0FA9B6B14EB}.uRelease-SSL|Win32.ActiveCfg = Release|Win32
		{3946A150-9CF5-409C-8C63-B0FA9B6B14EB}.uRelease-SSL|Win32.Build.0 = Release|Win32
		{3946A150-9CF5-409C-8C63-B0FA9B6B14EB}.uRelease-SSL|x64.ActiveCfg = Release|x64
		{3946A150-9CF5-409C-8C63-B0FA9B6B14EB}.uRelease-SSL|x64.Build.0 = Release|x64
		{3946A150-9CF5-409C-8C63-B0FA9B6B14EB}.uRelease-SSL|x86.ActiveCfg = Release|Win32
		{3946A150-9CF5-409C-8C63-B0FA9B6B14EB}.uRelease-SSL|x86.Build.0 = Release|Win32
		{68CC77CC-41DD-4483-8ADE-EDF29D1CE30A}.Debug|Win32.ActiveCfg = Debug|Win32
		{68CC77CC-41DD-4483-8ADE-EDF29D1CE30A}.Debug|Win32.Build.0 = Debug|Win32
		{68CC77CC-41DD-4483-8ADE-EDF29D1CE30A}.Debug|x64.ActiveCfg = Debug|x64
		{68CC77CC-41DD-4483-8ADE-EDF29D1CE30A}.Debug|x64.Build.0 = Debug|x64
		{68CC77CC-41DD-4483-8ADE-EDF29D1CE30A}.Debug|x86.ActiveCfg = Debug|Win32
		{68CC77CC-41DD-4483-8ADE-EDF29D1CE30A}.Debug|x86.Build.0 = Debug|Win32
		{68CC77CC-41DD-4483-8ADE-EDF29D1CE30A}.Debug-SSL|Win32.ActiveCfg = Debug|Win32
		{68CC77CC-41DD-4483-8ADE-EDF29D1CE30A}.Debug-SSL|Win32.Build.0 = Debug|Win32
		{68CC77CC-41DD-4483-8ADE-EDF29D1CE30A}.Debug-SSL|x64.ActiveCfg = Debug|x64
		{68CC77CC-41DD-4483-8ADE-EDF29D1CE30A}.Debug-SSL|x64.Build.0 = Debug|x64
		{68CC77CC-41DD-4483-8ADE-EDF29D1CE30A}.Debug-SSL|x86.ActiveCfg = Debug|Win32
		{68CC77CC-41DD-4483-8ADE-EDF29D1CE30A}.Debug-SSL|x86.Build.0 = Debug|Win32
		{68CC77CC-41DD-4483-8ADE-EDF29D1CE30A}.Release|Win32.ActiveCfg = Release|Win32
		{68CC77CC-41DD-4483-8ADE-EDF29D1CE30A}.Release|Win32.Build.0 = Release|Win32
		{68CC77CC-41DD-4483-8ADE-EDF29D1CE30A}.Release|x64.ActiveCfg = Release|x64
		{68CC77CC-41DD-4483-8ADE-EDF29D1CE30A}.Release|x64.Build.0 = Release|x64
		{68CC77CC-41DD-4483-8ADE-EDF29D1CE30A}.Release|x86.ActiveCfg = Release|Win32
		{68CC77CC-41DD-4483-8ADE-EDF29D1CE30A}.Release|x86.Build.0 = Release|Win32
		{68CC77CC-41DD-4483-8ADE-EDF29D1CE30A}.Release-SSL|Win32.ActiveCfg = Release|Win32
		{68CC77CC-41DD-4483-8ADE-EDF29D1CE30A}.Release-SSL|Win32.Build.0 = Release|Win32
		{68CC77CC-41DD-4483-8ADE-EDF29D1CE30A}.Release-SSL|x64.ActiveCfg = Release|x64
		{68CC77CC-41DD-4483-8ADE-EDF29D1CE30A}.Release-SSL|x64.Build.0 = Release|x64
		{68CC77CC-41DD-4483-8ADE-EDF29D1CE30A}.Release-SSL|x86.ActiveCfg = Release|Win32
		{68CC77CC-41DD-4483-8ADE-EDF29D1CE30A}.Release-SSL|x86.Build.0 = Release|Win32
		{68CC77CC-41DD-4483-8ADE-EDF29D1CE30A}.uDebug|Win32.ActiveCfg = Debug|Win32
		{68CC77CC-41DD-4483-8ADE-EDF29D1CE30A}.uDebug|Win32.Build.0 = Debug|Win32
		{68CC77CC-41DD-4483-8ADE-EDF29D1CE30A}.uDebug|x64.ActiveCfg = Debug|x64
		{68CC77CC-41DD-4483-8ADE-EDF29D1CE30A}.uDebug|x64.Build.0 = Debug|x64
		{68CC77CC-41DD-4483-8ADE-EDF29D1CE30A}.uDebug|x86.ActiveCfg = Debug|Win32
		{68CC77CC-41DD-4483-8ADE-EDF29D1CE30A}.uDebug|x86.Build.0 = Debug|Win32
		{68CC77CC-41DD-4483-8ADE-EDF29D1CE30A}.uDebug-SSL|Win32.ActiveCfg = Debug|Win32
		{68CC77CC-41DD-4483-8ADE-EDF29D1CE30A}.uDebug-SSL|Win32.Build.0 = Debug|Win32
		{68CC77CC-41DD-4483-8ADE-EDF29D1CE30A}.uDebug-SSL|x64.ActiveCfg = Debug|x64
		{68CC77CC-41DD-4483-8ADE-EDF29D1CE30A}.uDebug-SSL|x64.Build.0 = Debug|x64
		{68CC77CC-41DD-4483-8ADE-EDF29D1CE30A}.uDebug-SSL|x86.ActiveCfg = Debug|Win32
		{68CC77CC-41DD-4483-8ADE-EDF29D1CE30A}.uDebug-SSL|x86.Build.0 = Debug|Win32
		{68CC77CC-41DD-4483-8ADE-EDF29D1CE30A}.uRelease|Win32.ActiveCfg = Release|Win32
		{68CC77CC-41DD-4483-8ADE-EDF29D1CE30A}.uRelease|Win32.Build.0 = Release|Win32
		{68CC77CC-41DD-4483-8ADE-EDF29D1CE30A}.uRelease|x64.ActiveCfg = Release|x64
		{68CC77CC-41DD-4483-8ADE-EDF29D1CE30A}.uRelease|x64.Build.0 = Release|x64
		{68CC77CC-41DD-4483-8ADE-EDF29D1CE30A}.uRelease|x86.ActiveCfg = Release|Win32
		{68CC77CC-41DD-4483-8ADE-EDF29D1CE30A}.uRelease|x86.Build.0 = Release|Win32
		{68CC77CC-41DD-4483-8ADE-EDF29D1CE30A}.uRelease-SSL|Win32.ActiveCfg = Release|Win32
		{68CC77CC-41DD-4483-8ADE-EDF29D1CE30A}.uRelease-SSL|Win32.Build.0 = Release|Win32
		{68CC77CC-41DD-4483-8ADE-EDF29D1CE30A}.uRelease-SSL|x64.ActiveCfg = Release|x64
		{68CC77CC-41DD-4483-8ADE-EDF29D1CE30A}.uRelease-SSL|x64.Build.0 = Release|x64
		{68CC77CC-41DD-4483-8ADE-EDF29D1CE30A}.uRelease-SSL|x86.ActiveCfg = Release|Win32
		{68CC77CC-41DD-4483-8ADE-EDF29D1CE30A}.uRelease-SSL|x86.Build.0 = Release|Win32
	EndGlobalSection
	GlobalSection(SolutionProperties) = preSolution
		HideSolutionNode = FALSE
	EndGlobalSection
	GlobalSection(ExtensibilityGlobals) = postSolution
		SolutionGuid = {019A2149-03B6-42CE-99ED-9B3607A2CCAC}
	EndGlobalSection
EndGlobal
